
Microsoft Visual Studio Solution File, Format Version 12.00
# Visual Studio Version 17
VisualStudioVersion = 17.7.34031.279
MinimumVisualStudioVersion = 10.0.40219.1
Project("{FAE04EC0-301F-11D3-BF4B-00C04F79EFBC}") = "EfiBankApiIntegration", "EfiBankApiIntegration\EfiBankApiIntegration.csproj", "{CAAE5391-D57C-4B30-9531-793A3A3A5C40}"
EndProject
Project("{FAE04EC0-301F-11D3-BF4B-00C04F79EFBC}") = "EfiBankApiIntegrationTest", "EfiBankApiIntegrationTest\EfiBankApiIntegrationTest.csproj", "{BCC139E2-F769-4FD5-89AC-2A6CEF5029A5}"
EndProject
Global
	GlobalSection(SolutionConfigurationPlatforms) = preSolution
		Debug|Any CPU = Debug|Any CPU
		Release|Any CPU = Release|Any CPU
	EndGlobalSection
	GlobalSection(ProjectConfigurationPlatforms) = postSolution
		{CAAE5391-D57C-4B30-9531-793A3A3A5C40}.Debug|Any CPU.ActiveCfg = Debug|Any CPU
		{CAAE5391-D57C-4B30-9531-793A3A3A5C40}.Debug|Any CPU.Build.0 = Debug|Any CPU
		{CAAE5391-D57C-4B30-9531-793A3A3A5C40}.Release|Any CPU.ActiveCfg = Release|Any CPU
		{CAAE5391-D57C-4B30-9531-793A3A3A5C40}.Release|Any CPU.Build.0 = Release|Any CPU
		{BCC139E2-F769-4FD5-89AC-2A6CEF5029A5}.Debug|Any CPU.ActiveCfg = Debug|Any CPU
		{BCC139E2-F769-4FD5-89AC-2A6CEF5029A5}.Debug|Any CPU.Build.0 = Debug|Any CPU
		{BCC139E2-F769-4FD5-89AC-2A6CEF5029A5}.Release|Any CPU.ActiveCfg = Release|Any CPU
		{BCC139E2-F769-4FD5-89AC-2A6CEF5029A5}.Release|Any CPU.Build.0 = Release|Any CPU
	EndGlobalSection
	GlobalSection(SolutionProperties) = preSolution
		HideSolutionNode = FALSE
	EndGlobalSection
	GlobalSection(ExtensibilityGlobals) = postSolution
		SolutionGuid = {D3BD6C2D-0156-455F-BDAB-D39F404DAA0F}
	EndGlobalSection
EndGlobal
